// !$*UTF8*$!
{
	archiveVersion = 1;
	classes = {
	};
	objectVersion = 46;
	objects = {

/* Begin PBXBuildFile section */
		801704721E92764200FFDCA1 /* AppDelegate.swift in Sources */ = {isa = PBXBuildFile; fileRef = 801704711E92764200FFDCA1 /* AppDelegate.swift */; };
		801704741E92764200FFDCA1 /* ViewController.swift in Sources */ = {isa = PBXBuildFile; fileRef = 801704731E92764200FFDCA1 /* ViewController.swift */; };
		801704771E92764200FFDCA1 /* Main.storyboard in Resources */ = {isa = PBXBuildFile; fileRef = 801704751E92764200FFDCA1 /* Main.storyboard */; };
		801704791E92764200FFDCA1 /* Assets.xcassets in Resources */ = {isa = PBXBuildFile; fileRef = 801704781E92764200FFDCA1 /* Assets.xcassets */; };
		8017047C1E92764200FFDCA1 /* LaunchScreen.storyboard in Resources */ = {isa = PBXBuildFile; fileRef = 8017047A1E92764200FFDCA1 /* LaunchScreen.storyboard */; };
		801704841E927AAE00FFDCA1 /* pokemon.csv in Resources */ = {isa = PBXBuildFile; fileRef = 801704831E927AAE00FFDCA1 /* pokemon.csv */; };
		801704881E927B8900FFDCA1 /* Pokemon.swift in Sources */ = {isa = PBXBuildFile; fileRef = 801704871E927B8900FFDCA1 /* Pokemon.swift */; };
		8017048B1E9282B700FFDCA1 /* PokeCell.swift in Sources */ = {isa = PBXBuildFile; fileRef = 8017048A1E9282B700FFDCA1 /* PokeCell.swift */; };
		8057832D1E93748D007F7216 /* csv.swift in Sources */ = {isa = PBXBuildFile; fileRef = 8057832C1E93748D007F7216 /* csv.swift */; };
		8057832F1E937EB6007F7216 /* pokemon.ttf in Resources */ = {isa = PBXBuildFile; fileRef = 8057832E1E937EB6007F7216 /* pokemon.ttf */; };
		805783341E938067007F7216 /* music.mp3 in Resources */ = {isa = PBXBuildFile; fileRef = 805783331E938067007F7216 /* music.mp3 */; };
		805783361E9389AE007F7216 /* PokemonDetailVC.swift in Sources */ = {isa = PBXBuildFile; fileRef = 805783351E9389AE007F7216 /* PokemonDetailVC.swift */; };
/* End PBXBuildFile section */

/* Begin PBXFileReference section */
		8017046E1E92764200FFDCA1 /* pokedex.app */ = {isa = PBXFileReference; explicitFileType = wrapper.application; includeInIndex = 0; path = pokedex.app; sourceTree = BUILT_PRODUCTS_DIR; };
		801704711E92764200FFDCA1 /* AppDelegate.swift */ = {isa = PBXFileReference; lastKnownFileType = sourcecode.swift; path = AppDelegate.swift; sourceTree = "<group>"; };
		801704731E92764200FFDCA1 /* ViewController.swift */ = {isa = PBXFileReference; lastKnownFileType = sourcecode.swift; path = ViewController.swift; sourceTree = "<group>"; };
		801704761E92764200FFDCA1 /* Base */ = {isa = PBXFileReference; lastKnownFileType = file.storyboard; name = Base; path = Base.lproj/Main.storyboard; sourceTree = "<group>"; };
		801704781E92764200FFDCA1 /* Assets.xcassets */ = {isa = PBXFileReference; lastKnownFileType = folder.assetcatalog; path = Assets.xcassets; sourceTree = "<group>"; };
		8017047B1E92764200FFDCA1 /* Base */ = {isa = PBXFileReference; lastKnownFileType = file.storyboard; name = Base; path = Base.lproj/LaunchScreen.storyboard; sourceTree = "<group>"; };
		8017047D1E92764200FFDCA1 /* Info.plist */ = {isa = PBXFileReference; lastKnownFileType = text.plist.xml; path = Info.plist; sourceTree = "<group>"; };
		801704831E927AAE00FFDCA1 /* pokemon.csv */ = {isa = PBXFileReference; fileEncoding = 4; lastKnownFileType = text; path = pokemon.csv; sourceTree = "<group>"; };
		801704871E927B8900FFDCA1 /* Pokemon.swift */ = {isa = PBXFileReference; fileEncoding = 4; lastKnownFileType = sourcecode.swift; path = Pokemon.swift; sourceTree = "<group>"; };
		8017048A1E9282B700FFDCA1 /* PokeCell.swift */ = {isa = PBXFileReference; fileEncoding = 4; lastKnownFileType = sourcecode.swift; path = PokeCell.swift; sourceTree = "<group>"; };
		8057832C1E93748D007F7216 /* csv.swift */ = {isa = PBXFileReference; fileEncoding = 4; lastKnownFileType = sourcecode.swift; path = csv.swift; sourceTree = "<group>"; };
		8057832E1E937EB6007F7216 /* pokemon.ttf */ = {isa = PBXFileReference; lastKnownFileType = file; path = pokemon.ttf; sourceTree = "<group>"; };
		805783331E938067007F7216 /* music.mp3 */ = {isa = PBXFileReference; lastKnownFileType = audio.mp3; path = music.mp3; sourceTree = "<group>"; };
		805783351E9389AE007F7216 /* PokemonDetailVC.swift */ = {isa = PBXFileReference; fileEncoding = 4; lastKnownFileType = sourcecode.swift; path = PokemonDetailVC.swift; sourceTree = "<group>"; };
/* End PBXFileReference section */

/* Begin PBXFrameworksBuildPhase section */
		8017046B1E92764200FFDCA1 /* Frameworks */ = {
			isa = PBXFrameworksBuildPhase;
			buildActionMask = 2147483647;
			files = (
			);
			runOnlyForDeploymentPostprocessing = 0;
		};
/* End PBXFrameworksBuildPhase section */

/* Begin PBXGroup section */
		801704651E92764200FFDCA1 = {
			isa = PBXGroup;
			children = (
				801704701E92764200FFDCA1 /* pokedex */,
				8017046F1E92764200FFDCA1 /* Products */,
			);
			sourceTree = "<group>";
		};
		8017046F1E92764200FFDCA1 /* Products */ = {
			isa = PBXGroup;
			children = (
				8017046E1E92764200FFDCA1 /* pokedex.app */,
			);
			name = Products;
			sourceTree = "<group>";
		};
		801704701E92764200FFDCA1 /* pokedex */ = {
			isa = PBXGroup;
			children = (
				801704861E927B7700FFDCA1 /* Model */,
				801704891E92828F00FFDCA1 /* View */,
				805783301E937EDB007F7216 /* Controller */,
				805783311E937EE3007F7216 /* Resources */,
				805783321E937F11007F7216 /* Util */,
				801704711E92764200FFDCA1 /* AppDelegate.swift */,
				801704781E92764200FFDCA1 /* Assets.xcassets */,
				801704751E92764200FFDCA1 /* Main.storyboard */,
				8017047A1E92764200FFDCA1 /* LaunchScreen.storyboard */,
				8017047D1E92764200FFDCA1 /* Info.plist */,
			);
			path = pokedex;
			sourceTree = "<group>";
		};
		801704861E927B7700FFDCA1 /* Model */ = {
			isa = PBXGroup;
			children = (
				801704871E927B8900FFDCA1 /* Pokemon.swift */,
			);
			name = Model;
			sourceTree = "<group>";
		};
		801704891E92828F00FFDCA1 /* View */ = {
			isa = PBXGroup;
			children = (
				8017048A1E9282B700FFDCA1 /* PokeCell.swift */,
			);
			name = View;
			sourceTree = "<group>";
		};
		805783301E937EDB007F7216 /* Controller */ = {
			isa = PBXGroup;
			children = (
				801704731E92764200FFDCA1 /* ViewController.swift */,
				805783351E9389AE007F7216 /* PokemonDetailVC.swift */,
			);
			name = Controller;
			sourceTree = "<group>";
		};
		805783311E937EE3007F7216 /* Resources */ = {
			isa = PBXGroup;
			children = (
				801704831E927AAE00FFDCA1 /* pokemon.csv */,
				805783331E938067007F7216 /* music.mp3 */,
				8057832E1E937EB6007F7216 /* pokemon.ttf */,
			);
			name = Resources;
			sourceTree = "<group>";
		};
		805783321E937F11007F7216 /* Util */ = {
			isa = PBXGroup;
			children = (
				8057832C1E93748D007F7216 /* csv.swift */,
			);
			name = Util;
			sourceTree = "<group>";
		};
/* End PBXGroup section */

/* Begin PBXNativeTarget section */
		8017046D1E92764200FFDCA1 /* pokedex */ = {
			isa = PBXNativeTarget;
			buildConfigurationList = 801704801E92764200FFDCA1 /* Build configuration list for PBXNativeTarget "pokedex" */;
			buildPhases = (
				8017046A1E92764200FFDCA1 /* Sources */,
				8017046B1E92764200FFDCA1 /* Frameworks */,
				8017046C1E92764200FFDCA1 /* Resources */,
			);
			buildRules = (
			);
			dependencies = (
			);
			name = pokedex;
			productName = pokedex;
			productReference = 8017046E1E92764200FFDCA1 /* pokedex.app */;
			productType = "com.apple.product-type.application";
		};
/* End PBXNativeTarget section */

/* Begin PBXProject section */
		801704661E92764200FFDCA1 /* Project object */ = {
			isa = PBXProject;
			attributes = {
				LastSwiftUpdateCheck = 0830;
				LastUpgradeCheck = 0830;
				ORGANIZATIONNAME = itelab_maciula;
				TargetAttributes = {
					8017046D1E92764200FFDCA1 = {
						CreatedOnToolsVersion = 8.3;
						LastSwiftMigration = 0830;
						ProvisioningStyle = Automatic;
					};
				};
			};
			buildConfigurationList = 801704691E92764200FFDCA1 /* Build configuration list for PBXProject "pokedex" */;
			compatibilityVersion = "Xcode 3.2";
			developmentRegion = English;
			hasScannedForEncodings = 0;
			knownRegions = (
				en,
				Base,
			);
			mainGroup = 801704651E92764200FFDCA1;
			productRefGroup = 8017046F1E92764200FFDCA1 /* Products */;
			projectDirPath = "";
			projectRoot = "";
			targets = (
				8017046D1E92764200FFDCA1 /* pokedex */,
			);
		};
/* End PBXProject section */

/* Begin PBXResourcesBuildPhase section */
		8017046C1E92764200FFDCA1 /* Resources */ = {
			isa = PBXResourcesBuildPhase;
			buildActionMask = 2147483647;
			files = (
				8057832F1E937EB6007F7216 /* pokemon.ttf in Resources */,
				8017047C1E92764200FFDCA1 /* LaunchScreen.storyboard in Resources */,
				805783341E938067007F7216 /* music.mp3 in Resources */,
				801704791E92764200FFDCA1 /* Assets.xcassets in Resources */,
				801704841E927AAE00FFDCA1 /* pokemon.csv in Resources */,
				801704771E92764200FFDCA1 /* Main.storyboard in Resources */,
			);
			runOnlyForDeploymentPostprocessing = 0;
		};
/* End PBXResourcesBuildPhase section */

/* Begin PBXSourcesBuildPhase section */
		8017046A1E92764200FFDCA1 /* Sources */ = {
			isa = PBXSourcesBuildPhase;
			buildActionMask = 2147483647;
			files = (
				8017048B1E9282B700FFDCA1 /* PokeCell.swift in Sources */,
				801704741E92764200FFDCA1 /* ViewController.swift in Sources */,
				801704721E92764200FFDCA1 /* AppDelegate.swift in Sources */,
				805783361E9389AE007F7216 /* PokemonDetailVC.swift in Sources */,
				801704881E927B8900FFDCA1 /* Pokemon.swift in Sources */,
				8057832D1E93748D007F7216 /* csv.swift in Sources */,
			);
			runOnlyForDeploymentPostprocessing = 0;
		};
/* End PBXSourcesBuildPhase section */

/* Begin PBXVariantGroup section */
		801704751E92764200FFDCA1 /* Main.storyboard */ = {
			isa = PBXVariantGroup;
			children = (
				801704761E92764200FFDCA1 /* Base */,
			);
			name = Main.storyboard;
			sourceTree = "<group>";
		};
		8017047A1E92764200FFDCA1 /* LaunchScreen.storyboard */ = {
			isa = PBXVariantGroup;
			children = (
				8017047B1E92764200FFDCA1 /* Base */,
			);
			name = LaunchScreen.storyboard;
			sourceTree = "<group>";
		};
/* End PBXVariantGroup section */

/* Begin XCBuildConfiguration section */
		8017047E1E92764200FFDCA1 /* Debug */ = {
			isa = XCBuildConfiguration;
			buildSettings = {
				ALWAYS_SEARCH_USER_PATHS = NO;
				CLANG_ANALYZER_NONNULL = YES;
				CLANG_ANALYZER_NUMBER_OBJECT_CONVERSION = YES_AGGRESSIVE;
				CLANG_CXX_LANGUAGE_STANDARD = "gnu++0x";
				CLANG_CXX_LIBRARY = "libc++";
				CLANG_ENABLE_MODULES = YES;
				CLANG_ENABLE_OBJC_ARC = YES;
				CLANG_WARN_BOOL_CONVERSION = YES;
				CLANG_WARN_CONSTANT_CONVERSION = YES;
				CLANG_WARN_DIRECT_OBJC_ISA_USAGE = YES_ERROR;
				CLANG_WARN_DOCUMENTATION_COMMENTS = YES;
				CLANG_WARN_EMPTY_BODY = YES;
				CLANG_WARN_ENUM_CONVERSION = YES;
				CLANG_WARN_INFINITE_RECURSION = YES;
				CLANG_WARN_INT_CONVERSION = YES;
				CLANG_WARN_OBJC_ROOT_CLASS = YES_ERROR;
				CLANG_WARN_SUSPICIOUS_MOVE = YES;
				CLANG_WARN_UNREACHABLE_CODE = YES;
				CLANG_WARN__DUPLICATE_METHOD_MATCH = YES;
				"CODE_SIGN_IDENTITY[sdk=iphoneos*]" = "iPhone Developer";
				COPY_PHASE_STRIP = NO;
				DEBUG_INFORMATION_FORMAT = dwarf;
				ENABLE_STRICT_OBJC_MSGSEND = YES;
				ENABLE_TESTABILITY = YES;
				GCC_C_LANGUAGE_STANDARD = gnu99;
				GCC_DYNAMIC_NO_PIC = NO;
				GCC_NO_COMMON_BLOCKS = YES;
				GCC_OPTIMIZATION_LEVEL = 0;
				GCC_PREPROCESSOR_DEFINITIONS = (
					"DEBUG=1",
					"$(inherited)",
				);
				GCC_WARN_64_TO_32_BIT_CONVERSION = YES;
				GCC_WARN_ABOUT_RETURN_TYPE = YES_ERROR;
				GCC_WARN_UNDECLARED_SELECTOR = YES;
				GCC_WARN_UNINITIALIZED_AUTOS = YES_AGGRESSIVE;
				GCC_WARN_UNUSED_FUNCTION = YES;
				GCC_WARN_UNUSED_VARIABLE = YES;
				IPHONEOS_DEPLOYMENT_TARGET = 10.3;
				MTL_ENABLE_DEBUG_INFO = YES;
				ONLY_ACTIVE_ARCH = YES;
				SDKROOT = iphoneos;
				SWIFT_ACTIVE_COMPILATION_CONDITIONS = DEBUG;
				SWIFT_OPTIMIZATION_LEVEL = "-Onone";
			};
			name = Debug;
		};
		8017047F1E92764200FFDCA1 /* Release */ = {
			isa = XCBuildConfiguration;
			buildSettings = {
				ALWAYS_SEARCH_USER_PATHS = NO;
				CLANG_ANALYZER_NONNULL = YES;
				CLANG_ANALYZER_NUMBER_OBJECT_CONVERSION = YES_AGGRESSIVE;
				CLANG_CXX_LANGUAGE_STANDARD = "gnu++0x";
				CLANG_CXX_LIBRARY = "libc++";
				CLANG_ENABLE_MODULES = YES;
				CLANG_ENABLE_OBJC_ARC = YES;
				CLANG_WARN_BOOL_CONVERSION = YES;
				CLANG_WARN_CONSTANT_CONVERSION = YES;
				CLANG_WARN_DIRECT_OBJC_ISA_USAGE = YES_ERROR;
				CLANG_WARN_DOCUMENTATION_COMMENTS = YES;
				CLANG_WARN_EMPTY_BODY = YES;
				CLANG_WARN_ENUM_CONVERSION = YES;
				CLANG_WARN_INFINITE_RECURSION = YES;
				CLANG_WARN_INT_CONVERSION = YES;
				CLANG_WARN_OBJC_ROOT_CLASS = YES_ERROR;
				CLANG_WARN_SUSPICIOUS_MOVE = YES;
				CLANG_WARN_UNREACHABLE_CODE = YES;
				CLANG_WARN__DUPLICATE_METHOD_MATCH = YES;
				"CODE_SIGN_IDENTITY[sdk=iphoneos*]" = "iPhone Developer";
				COPY_PHASE_STRIP = NO;
				DEBUG_INFORMATION_FORMAT = "dwarf-with-dsym";
				ENABLE_NS_ASSERTIONS = NO;
				ENABLE_STRICT_OBJC_MSGSEND = YES;
				GCC_C_LANGUAGE_STANDARD = gnu99;
				GCC_NO_COMMON_BLOCKS = YES;
				GCC_WARN_64_TO_32_BIT_CONVERSION = YES;
				GCC_WARN_ABOUT_RETURN_TYPE = YES_ERROR;
				GCC_WARN_UNDECLARED_SELECTOR = YES;
				GCC_WARN_UNINITIALIZED_AUTOS = YES_AGGRESSIVE;
				GCC_WARN_UNUSED_FUNCTION = YES;
				GCC_WARN_UNUSED_VARIABLE = YES;
				IPHONEOS_DEPLOYMENT_TARGET = 10.3;
				MTL_ENABLE_DEBUG_INFO = NO;
				SDKROOT = iphoneos;
				SWIFT_OPTIMIZATION_LEVEL = "-Owholemodule";
				VALIDATE_PRODUCT = YES;
			};
			name = Release;
		};
		801704811E92764200FFDCA1 /* Debug */ = {
			isa = XCBuildConfiguration;
			buildSettings = {
				ASSETCATALOG_COMPILER_APPICON_NAME = AppIcon;
				INFOPLIST_FILE = pokedex/Info.plist;
				LD_RUNPATH_SEARCH_PATHS = "$(inherited) @executable_path/Frameworks";
				PRODUCT_BUNDLE_IDENTIFIER = eu.itelab.pokedex;
				PRODUCT_NAME = "$(TARGET_NAME)";
				SWIFT_VERSION = 3.0;
			};
			name = Debug;
		};
		801704821E92764200FFDCA1 /* Release */ = {
			isa = XCBuildConfiguration;
			buildSettings = {
				ASSETCATALOG_COMPILER_APPICON_NAME = AppIcon;
				INFOPLIST_FILE = pokedex/Info.plist;
				LD_RUNPATH_SEARCH_PATHS = "$(inherited) @executable_path/Frameworks";
				PRODUCT_BUNDLE_IDENTIFIER = eu.itelab.pokedex;
				PRODUCT_NAME = "$(TARGET_NAME)";
				SWIFT_VERSION = 3.0;
			};
			name = Release;
		};
/* End XCBuildConfiguration section */

/* Begin XCConfigurationList section */
		801704691E92764200FFDCA1 /* Build configuration list for PBXProject "pokedex" */ = {
			isa = XCConfigurationList;
			buildConfigurations = (
				8017047E1E92764200FFDCA1 /* Debug */,
				8017047F1E92764200FFDCA1 /* Release */,
			);
			defaultConfigurationIsVisible = 0;
			defaultConfigurationName = Release;
		};
		801704801E92764200FFDCA1 /* Build configuration list for PBXNativeTarget "pokedex" */ = {
			isa = XCConfigurationList;
			buildConfigurations = (
				801704811E92764200FFDCA1 /* Debug */,
				801704821E92764200FFDCA1 /* Release */,
			);
			defaultConfigurationIsVisible = 0;
			defaultConfigurationName = Release;
		};
/* End XCConfigurationList section */
	};
	rootObject = 801704661E92764200FFDCA1 /* Project object */;
}
